
Microsoft Visual Studio Solution File, Format Version 12.00
# Visual Studio Version 17
VisualStudioVersion = 17.0.31903.59
MinimumVisualStudioVersion = 10.0.40219.1
Project("{2150E333-8FDC-42A3-9474-1A3956D46DE8}") = "props", "props", "{2ABC6370-1277-4284-B1AA-184ACF5473D3}"
EndProject
Project("{2150E333-8FDC-42A3-9474-1A3956D46DE8}") = "src", "src", "{5235BFA9-D775-4816-9B3B-E87E1C36256A}"
EndProject
Project("{2150E333-8FDC-42A3-9474-1A3956D46DE8}") = "tests", "tests", "{9F4E12B1-0F18-4163-B136-4A855BAD03C8}"
EndProject
Project("{9A19103F-16F7-4668-BE54-9A1E7A4F7556}") = "Basket", "src\Basket\Basket.csproj", "{A09D0EFB-3967-4024-A574-BC5B59551EEB}"
EndProject
Project("{9A19103F-16F7-4668-BE54-9A1E7A4F7556}") = "Catalog", "src\Catalog\Catalog.csproj", "{70BCC1AA-2852-4FE1-84F3-7AA15341E4D3}"
EndProject
Project("{9A19103F-16F7-4668-BE54-9A1E7A4F7556}") = "Ordering", "src\Ordering\Ordering.csproj", "{BD341C8D-CA2B-43A8-8E02-28004DE51579}"
EndProject
Project("{9A19103F-16F7-4668-BE54-9A1E7A4F7556}") = "CommonFeatures", "src\CommonFeatures\CommonFeatures.csproj", "{FCA2F627-8ECB-4F40-99D3-180A0EE39631}"
EndProject
Project("{9A19103F-16F7-4668-BE54-9A1E7A4F7556}") = "WebApp", "src\WebApp\WebApp.csproj", "{0854A79F-DD72-4549-82B3-525C4DE076CA}"
EndProject
Project("{FAE04EC0-301F-11D3-BF4B-00C04F79EFBC}") = "Aspire.AppHost", "host\Aspire\Aspire.AppHost\Aspire.AppHost.csproj", "{31EAF80E-2C12-4247-BF58-61CF339B45E6}"
EndProject
Project("{9A19103F-16F7-4668-BE54-9A1E7A4F7556}") = "Aspire.ServiceDefaults", "host\Aspire\Aspire.ServiceDefaults\Aspire.ServiceDefaults.csproj", "{A2560271-6685-4052-8F85-0364A107E868}"
EndProject
Project("{2150E333-8FDC-42A3-9474-1A3956D46DE8}") = "host", "host", "{86DBCFA9-0D94-4D8C-AB2A-A5404CF79425}"
EndProject
Global
	GlobalSection(SolutionConfigurationPlatforms) = preSolution
		Debug|Any CPU = Debug|Any CPU
		Release|Any CPU = Release|Any CPU
	EndGlobalSection
	GlobalSection(ProjectConfigurationPlatforms) = postSolution
		{A09D0EFB-3967-4024-A574-BC5B59551EEB}.Debug|Any CPU.ActiveCfg = Debug|Any CPU
		{A09D0EFB-3967-4024-A574-BC5B59551EEB}.Debug|Any CPU.Build.0 = Debug|Any CPU
		{A09D0EFB-3967-4024-A574-BC5B59551EEB}.Release|Any CPU.ActiveCfg = Release|Any CPU
		{A09D0EFB-3967-4024-A574-BC5B59551EEB}.Release|Any CPU.Build.0 = Release|Any CPU
		{70BCC1AA-2852-4FE1-84F3-7AA15341E4D3}.Debug|Any CPU.ActiveCfg = Debug|Any CPU
		{70BCC1AA-2852-4FE1-84F3-7AA15341E4D3}.Debug|Any CPU.Build.0 = Debug|Any CPU
		{70BCC1AA-2852-4FE1-84F3-7AA15341E4D3}.Release|Any CPU.ActiveCfg = Release|Any CPU
		{70BCC1AA-2852-4FE1-84F3-7AA15341E4D3}.Release|Any CPU.Build.0 = Release|Any CPU
		{BD341C8D-CA2B-43A8-8E02-28004DE51579}.Debug|Any CPU.ActiveCfg = Debug|Any CPU
		{BD341C8D-CA2B-43A8-8E02-28004DE51579}.Debug|Any CPU.Build.0 = Debug|Any CPU
		{BD341C8D-CA2B-43A8-8E02-28004DE51579}.Release|Any CPU.ActiveCfg = Release|Any CPU
		{BD341C8D-CA2B-43A8-8E02-28004DE51579}.Release|Any CPU.Build.0 = Release|Any CPU
		{FCA2F627-8ECB-4F40-99D3-180A0EE39631}.Debug|Any CPU.ActiveCfg = Debug|Any CPU
		{FCA2F627-8ECB-4F40-99D3-180A0EE39631}.Debug|Any CPU.Build.0 = Debug|Any CPU
		{FCA2F627-8ECB-4F40-99D3-180A0EE39631}.Release|Any CPU.ActiveCfg = Release|Any CPU
		{FCA2F627-8ECB-4F40-99D3-180A0EE39631}.Release|Any CPU.Build.0 = Release|Any CPU
		{0854A79F-DD72-4549-82B3-525C4DE076CA}.Debug|Any CPU.ActiveCfg = Debug|Any CPU
		{0854A79F-DD72-4549-82B3-525C4DE076CA}.Debug|Any CPU.Build.0 = Debug|Any CPU
		{0854A79F-DD72-4549-82B3-525C4DE076CA}.Release|Any CPU.ActiveCfg = Release|Any CPU
		{0854A79F-DD72-4549-82B3-525C4DE076CA}.Release|Any CPU.Build.0 = Release|Any CPU
		{31EAF80E-2C12-4247-BF58-61CF339B45E6}.Debug|Any CPU.ActiveCfg = Debug|Any CPU
		{31EAF80E-2C12-4247-BF58-61CF339B45E6}.Debug|Any CPU.Build.0 = Debug|Any CPU
		{31EAF80E-2C12-4247-BF58-61CF339B45E6}.Release|Any CPU.ActiveCfg = Release|Any CPU
		{31EAF80E-2C12-4247-BF58-61CF339B45E6}.Release|Any CPU.Build.0 = Release|Any CPU
		{A2560271-6685-4052-8F85-0364A107E868}.Debug|Any CPU.ActiveCfg = Debug|Any CPU
		{A2560271-6685-4052-8F85-0364A107E868}.Debug|Any CPU.Build.0 = Debug|Any CPU
		{A2560271-6685-4052-8F85-0364A107E868}.Release|Any CPU.ActiveCfg = Release|Any CPU
		{A2560271-6685-4052-8F85-0364A107E868}.Release|Any CPU.Build.0 = Release|Any CPU
	EndGlobalSection
	GlobalSection(SolutionProperties) = preSolution
		HideSolutionNode = FALSE
	EndGlobalSection
	GlobalSection(NestedProjects) = preSolution
		{A09D0EFB-3967-4024-A574-BC5B59551EEB} = {5235BFA9-D775-4816-9B3B-E87E1C36256A}
		{70BCC1AA-2852-4FE1-84F3-7AA15341E4D3} = {5235BFA9-D775-4816-9B3B-E87E1C36256A}
		{BD341C8D-CA2B-43A8-8E02-28004DE51579} = {5235BFA9-D775-4816-9B3B-E87E1C36256A}
		{FCA2F627-8ECB-4F40-99D3-180A0EE39631} = {5235BFA9-D775-4816-9B3B-E87E1C36256A}
		{0854A79F-DD72-4549-82B3-525C4DE076CA} = {5235BFA9-D775-4816-9B3B-E87E1C36256A}
		{31EAF80E-2C12-4247-BF58-61CF339B45E6} = {86DBCFA9-0D94-4D8C-AB2A-A5404CF79425}
		{A2560271-6685-4052-8F85-0364A107E868} = {86DBCFA9-0D94-4D8C-AB2A-A5404CF79425}
	EndGlobalSection
	GlobalSection(ExtensibilityGlobals) = postSolution
		SolutionGuid = {CF5407D0-C63A-43F5-B492-D7FC377187BD}
	EndGlobalSection
EndGlobal
