
Microsoft Visual Studio Solution File, Format Version 12.00
# Visual Studio Version 17
VisualStudioVersion = 17.7.34031.279
MinimumVisualStudioVersion = 10.0.40219.1
Project("{2150E333-8FDC-42A3-9474-1A3956D46DE8}") = "src", "src", "{312D0AB0-B4AC-44D0-8DB1-D3991B31E9A0}"
EndProject
Project("{2150E333-8FDC-42A3-9474-1A3956D46DE8}") = "test", "test", "{2BEF6B1B-71BE-47EC-A58C-A8B1C0483225}"
EndProject
Project("{FAE04EC0-301F-11D3-BF4B-00C04F79EFBC}") = "GBC.Accounts", "src\GBC.Accounts\GBC.Accounts.csproj", "{456551F6-86FE-4C5E-BEA3-A0F95B964528}"
EndProject
Project("{FAE04EC0-301F-11D3-BF4B-00C04F79EFBC}") = "GBC.OpenApi", "src\GBC.OpenApi\GBC.OpenApi.csproj", "{B2B85861-E705-4BAC-904C-9494311F4578}"
EndProject
Project("{FAE04EC0-301F-11D3-BF4B-00C04F79EFBC}") = "GBC.Accounts.Tests", "test\GBC.Accounts.Tests\GBC.Accounts.Tests.csproj", "{B09A3875-B190-4299-AA75-736684704FEB}"
EndProject
Global
	GlobalSection(SolutionConfigurationPlatforms) = preSolution
		Debug|Any CPU = Debug|Any CPU
		Release|Any CPU = Release|Any CPU
	EndGlobalSection
	GlobalSection(ProjectConfigurationPlatforms) = postSolution
		{456551F6-86FE-4C5E-BEA3-A0F95B964528}.Debug|Any CPU.ActiveCfg = Debug|Any CPU
		{456551F6-86FE-4C5E-BEA3-A0F95B964528}.Debug|Any CPU.Build.0 = Debug|Any CPU
		{456551F6-86FE-4C5E-BEA3-A0F95B964528}.Release|Any CPU.ActiveCfg = Release|Any CPU
		{456551F6-86FE-4C5E-BEA3-A0F95B964528}.Release|Any CPU.Build.0 = Release|Any CPU
		{B2B85861-E705-4BAC-904C-9494311F4578}.Debug|Any CPU.ActiveCfg = Debug|Any CPU
		{B2B85861-E705-4BAC-904C-9494311F4578}.Debug|Any CPU.Build.0 = Debug|Any CPU
		{B2B85861-E705-4BAC-904C-9494311F4578}.Release|Any CPU.ActiveCfg = Release|Any CPU
		{B2B85861-E705-4BAC-904C-9494311F4578}.Release|Any CPU.Build.0 = Release|Any CPU
		{B09A3875-B190-4299-AA75-736684704FEB}.Debug|Any CPU.ActiveCfg = Debug|Any CPU
		{B09A3875-B190-4299-AA75-736684704FEB}.Debug|Any CPU.Build.0 = Debug|Any CPU
		{B09A3875-B190-4299-AA75-736684704FEB}.Release|Any CPU.ActiveCfg = Release|Any CPU
		{B09A3875-B190-4299-AA75-736684704FEB}.Release|Any CPU.Build.0 = Release|Any CPU
	EndGlobalSection
	GlobalSection(SolutionProperties) = preSolution
		HideSolutionNode = FALSE
	EndGlobalSection
	GlobalSection(NestedProjects) = preSolution
		{456551F6-86FE-4C5E-BEA3-A0F95B964528} = {312D0AB0-B4AC-44D0-8DB1-D3991B31E9A0}
		{B2B85861-E705-4BAC-904C-9494311F4578} = {312D0AB0-B4AC-44D0-8DB1-D3991B31E9A0}
		{B09A3875-B190-4299-AA75-736684704FEB} = {2BEF6B1B-71BE-47EC-A58C-A8B1C0483225}
	EndGlobalSection
	GlobalSection(ExtensibilityGlobals) = postSolution
		SolutionGuid = {9AD30D2D-0E64-4024-897B-9F3DC6C5FACF}
	EndGlobalSection
EndGlobal
