
Microsoft Visual Studio Solution File, Format Version 12.00
# Visual Studio Version 17
VisualStudioVersion = 17.7.34024.191
MinimumVisualStudioVersion = 10.0.40219.1
Project("{9A19103F-16F7-4668-BE54-9A1E7A4F7556}") = "Featurize.Todo", "Featurize.Todo\Featurize.Todo.csproj", "{334102BA-182B-4104-8A90-9F78341EECB7}"
EndProject
Global
	GlobalSection(SolutionConfigurationPlatforms) = preSolution
		Debug|Any CPU = Debug|Any CPU
		Release|Any CPU = Release|Any CPU
	EndGlobalSection
	GlobalSection(ProjectConfigurationPlatforms) = postSolution
		{334102BA-182B-4104-8A90-9F78341EECB7}.Debug|Any CPU.ActiveCfg = Debug|Any CPU
		{334102BA-182B-4104-8A90-9F78341EECB7}.Debug|Any CPU.Build.0 = Debug|Any CPU
		{334102BA-182B-4104-8A90-9F78341EECB7}.Release|Any CPU.ActiveCfg = Release|Any CPU
		{334102BA-182B-4104-8A90-9F78341EECB7}.Release|Any CPU.Build.0 = Release|Any CPU
	EndGlobalSection
	GlobalSection(SolutionProperties) = preSolution
		HideSolutionNode = FALSE
	EndGlobalSection
	GlobalSection(ExtensibilityGlobals) = postSolution
		SolutionGuid = {A3309594-65A0-4B98-B0A2-2174EED60803}
	EndGlobalSection
EndGlobal
